
Microsoft Visual Studio Solution File, Format Version 12.00
# Visual Studio Version 17
VisualStudioVersion = 17.11.35327.3
MinimumVisualStudioVersion = 10.0.40219.1
Project("{FAE04EC0-301F-11D3-BF4B-00C04F79EFBC}") = "UltraStratagems", "UltraStratagems\UltraStratagems.csproj", "{862137D1-A28B-4587-A316-5A03B3CCBDAC}"
EndProject
Global
	GlobalSection(SolutionConfigurationPlatforms) = preSolution
		Debug|Any CPU = Debug|Any CPU
		Release|Any CPU = Release|Any CPU
	EndGlobalSection
	GlobalSection(ProjectConfigurationPlatforms) = postSolution
		{862137D1-A28B-4587-A316-5A03B3CCBDAC}.Debug|Any CPU.ActiveCfg = Debug|Any CPU
		{862137D1-A28B-4587-A316-5A03B3CCBDAC}.Debug|Any CPU.Build.0 = Debug|Any CPU
		{862137D1-A28B-4587-A316-5A03B3CCBDAC}.Release|Any CPU.ActiveCfg = Release|Any CPU
		{862137D1-A28B-4587-A316-5A03B3CCBDAC}.Release|Any CPU.Build.0 = Release|Any CPU
	EndGlobalSection
	GlobalSection(SolutionProperties) = preSolution
		HideSolutionNode = FALSE
	EndGlobalSection
	GlobalSection(ExtensibilityGlobals) = postSolution
		SolutionGuid = {7CB354D0-68B4-4974-B417-B7E337569D20}
	EndGlobalSection
EndGlobal
